// !$*UTF8*$!
{
	archiveVersion = 1;
	classes = {
	};
	objectVersion = 55;
	objects = {

/* Begin PBXBuildFile section */
		216D6796282EA33C00F5005F /* DetailViewModel.swift in Sources */ = {isa = PBXBuildFile; fileRef = 216D6795282EA33C00F5005F /* DetailViewModel.swift */; };
		216D6798282EA36900F5005F /* CoinDetailDataService.swift in Sources */ = {isa = PBXBuildFile; fileRef = 216D6797282EA36900F5005F /* CoinDetailDataService.swift */; };
		216D679A282EB9CC00F5005F /* ChartView.swift in Sources */ = {isa = PBXBuildFile; fileRef = 216D6799282EB9CC00F5005F /* ChartView.swift */; };
		216D679C282ECDD400F5005F /* Date.swift in Sources */ = {isa = PBXBuildFile; fileRef = 216D679B282ECDD400F5005F /* Date.swift */; };
		216D679E282ED68F00F5005F /* String.swift in Sources */ = {isa = PBXBuildFile; fileRef = 216D679D282ED68F00F5005F /* String.swift */; };
		216D67A3282EDA8C00F5005F /* SettingsView.swift in Sources */ = {isa = PBXBuildFile; fileRef = 216D67A2282EDA8C00F5005F /* SettingsView.swift */; };
		216D67A6282EF86800F5005F /* LaunchScreen.storyboard in Resources */ = {isa = PBXBuildFile; fileRef = 216D67A5282EF86800F5005F /* LaunchScreen.storyboard */; };
		216D67A9282EFB5300F5005F /* LaunchView.swift in Sources */ = {isa = PBXBuildFile; fileRef = 216D67A8282EFB5300F5005F /* LaunchView.swift */; };
		21C629BA28298EE4004A8128 /* HomeView.swift in Sources */ = {isa = PBXBuildFile; fileRef = 21C629B928298EE4004A8128 /* HomeView.swift */; };
		21C629BE28299077004A8128 /* CircleButtonView.swift in Sources */ = {isa = PBXBuildFile; fileRef = 21C629BD28299077004A8128 /* CircleButtonView.swift */; };
		21C629C028299371004A8128 /* CircleButtonAnimationView.swift in Sources */ = {isa = PBXBuildFile; fileRef = 21C629BF28299371004A8128 /* CircleButtonAnimationView.swift */; };
		21C629C328299883004A8128 /* Coin.swift in Sources */ = {isa = PBXBuildFile; fileRef = 21C629C228299883004A8128 /* Coin.swift */; };
		21C629C52829C902004A8128 /* CoinRowView.swift in Sources */ = {isa = PBXBuildFile; fileRef = 21C629C42829C902004A8128 /* CoinRowView.swift */; };
		21C629C72829C961004A8128 /* PreviewProvider.swift in Sources */ = {isa = PBXBuildFile; fileRef = 21C629C62829C961004A8128 /* PreviewProvider.swift */; };
		21C629C92829CC95004A8128 /* Double.swift in Sources */ = {isa = PBXBuildFile; fileRef = 21C629C82829CC95004A8128 /* Double.swift */; };
		21C629CB282AA585004A8128 /* HomeViewModel.swift in Sources */ = {isa = PBXBuildFile; fileRef = 21C629CA282AA585004A8128 /* HomeViewModel.swift */; };
		21C629CE282AABA7004A8128 /* CoinDataService.swift in Sources */ = {isa = PBXBuildFile; fileRef = 21C629CD282AABA7004A8128 /* CoinDataService.swift */; };
		21C629D1282AB339004A8128 /* NetworkingManager.swift in Sources */ = {isa = PBXBuildFile; fileRef = 21C629D0282AB339004A8128 /* NetworkingManager.swift */; };
		21C629D4282ABB05004A8128 /* CoinImageView.swift in Sources */ = {isa = PBXBuildFile; fileRef = 21C629D3282ABB05004A8128 /* CoinImageView.swift */; };
		21C629D6282ABC5E004A8128 /* CoinImageService.swift in Sources */ = {isa = PBXBuildFile; fileRef = 21C629D5282ABC5E004A8128 /* CoinImageService.swift */; };
		21C629D8282ABDA6004A8128 /* CoinImageViewModel.swift in Sources */ = {isa = PBXBuildFile; fileRef = 21C629D7282ABDA6004A8128 /* CoinImageViewModel.swift */; };
		21C629DA282AC20B004A8128 /* LocalFileManager.swift in Sources */ = {isa = PBXBuildFile; fileRef = 21C629D9282AC20B004A8128 /* LocalFileManager.swift */; };
		21C629DD282AC95F004A8128 /* SearchBarView.swift in Sources */ = {isa = PBXBuildFile; fileRef = 21C629DC282AC95F004A8128 /* SearchBarView.swift */; };
		21C629DF282ACD5E004A8128 /* UIApplication.swift in Sources */ = {isa = PBXBuildFile; fileRef = 21C629DE282ACD5E004A8128 /* UIApplication.swift */; };
		21C629E1282BC914004A8128 /* Statistic.swift in Sources */ = {isa = PBXBuildFile; fileRef = 21C629E0282BC914004A8128 /* Statistic.swift */; };
		21C629E4282BCA3B004A8128 /* StatisticView.swift in Sources */ = {isa = PBXBuildFile; fileRef = 21C629E3282BCA3B004A8128 /* StatisticView.swift */; };
		21C629E6282BCC7E004A8128 /* HomeStatView.swift in Sources */ = {isa = PBXBuildFile; fileRef = 21C629E5282BCC7E004A8128 /* HomeStatView.swift */; };
		21C629E8282BCEE4004A8128 /* MarketData.swift in Sources */ = {isa = PBXBuildFile; fileRef = 21C629E7282BCEE4004A8128 /* MarketData.swift */; };
		21C629EA282BD13F004A8128 /* MarketDataService.swift in Sources */ = {isa = PBXBuildFile; fileRef = 21C629E9282BD13F004A8128 /* MarketDataService.swift */; };
		21C629EC282BD685004A8128 /* PortfolioView.swift in Sources */ = {isa = PBXBuildFile; fileRef = 21C629EB282BD685004A8128 /* PortfolioView.swift */; };
		21C629F1282C2BB9004A8128 /* CoinLogoView.swift in Sources */ = {isa = PBXBuildFile; fileRef = 21C629F0282C2BB9004A8128 /* CoinLogoView.swift */; };
		21C629F4282C5A53004A8128 /* PortfolioContainer.xcdatamodeld in Sources */ = {isa = PBXBuildFile; fileRef = 21C629F2282C5A53004A8128 /* PortfolioContainer.xcdatamodeld */; };
		21C629F6282C5AE9004A8128 /* PortfolioDataService.swift in Sources */ = {isa = PBXBuildFile; fileRef = 21C629F5282C5AE9004A8128 /* PortfolioDataService.swift */; };
		21C629F8282C6BB8004A8128 /* HapticManager.swift in Sources */ = {isa = PBXBuildFile; fileRef = 21C629F7282C6BB8004A8128 /* HapticManager.swift */; };
		21C629FD282E9964004A8128 /* DetailView.swift in Sources */ = {isa = PBXBuildFile; fileRef = 21C629FC282E9964004A8128 /* DetailView.swift */; };
		21C629FF282EA03F004A8128 /* CoinDetail.swift in Sources */ = {isa = PBXBuildFile; fileRef = 21C629FE282EA03F004A8128 /* CoinDetail.swift */; };
		21EC0ED328298A97008E0D75 /* CryptoWalletApp.swift in Sources */ = {isa = PBXBuildFile; fileRef = 21EC0ED228298A97008E0D75 /* CryptoWalletApp.swift */; };
		21EC0ED528298A97008E0D75 /* ContentView.swift in Sources */ = {isa = PBXBuildFile; fileRef = 21EC0ED428298A97008E0D75 /* ContentView.swift */; };
		21EC0ED728298A97008E0D75 /* Assets.xcassets in Resources */ = {isa = PBXBuildFile; fileRef = 21EC0ED628298A97008E0D75 /* Assets.xcassets */; };
		21EC0EDA28298A97008E0D75 /* Preview Assets.xcassets in Resources */ = {isa = PBXBuildFile; fileRef = 21EC0ED928298A97008E0D75 /* Preview Assets.xcassets */; };
		21EC0EE228298B9B008E0D75 /* Color.swift in Sources */ = {isa = PBXBuildFile; fileRef = 21EC0EE128298B9B008E0D75 /* Color.swift */; };
/* End PBXBuildFile section */

/* Begin PBXFileReference section */
		216D6795282EA33C00F5005F /* DetailViewModel.swift */ = {isa = PBXFileReference; lastKnownFileType = sourcecode.swift; path = DetailViewModel.swift; sourceTree = "<group>"; };
		216D6797282EA36900F5005F /* CoinDetailDataService.swift */ = {isa = PBXFileReference; lastKnownFileType = sourcecode.swift; path = CoinDetailDataService.swift; sourceTree = "<group>"; };
		216D6799282EB9CC00F5005F /* ChartView.swift */ = {isa = PBXFileReference; lastKnownFileType = sourcecode.swift; path = ChartView.swift; sourceTree = "<group>"; };
		216D679B282ECDD400F5005F /* Date.swift */ = {isa = PBXFileReference; lastKnownFileType = sourcecode.swift; path = Date.swift; sourceTree = "<group>"; };
		216D679D282ED68F00F5005F /* String.swift */ = {isa = PBXFileReference; lastKnownFileType = sourcecode.swift; path = String.swift; sourceTree = "<group>"; };
		216D67A2282EDA8C00F5005F /* SettingsView.swift */ = {isa = PBXFileReference; lastKnownFileType = sourcecode.swift; path = SettingsView.swift; sourceTree = "<group>"; };
		216D67A5282EF86800F5005F /* LaunchScreen.storyboard */ = {isa = PBXFileReference; lastKnownFileType = file.storyboard; path = LaunchScreen.storyboard; sourceTree = "<group>"; };
		216D67A8282EFB5300F5005F /* LaunchView.swift */ = {isa = PBXFileReference; lastKnownFileType = sourcecode.swift; path = LaunchView.swift; sourceTree = "<group>"; };
		21C629B928298EE4004A8128 /* HomeView.swift */ = {isa = PBXFileReference; lastKnownFileType = sourcecode.swift; path = HomeView.swift; sourceTree = "<group>"; };
		21C629BD28299077004A8128 /* CircleButtonView.swift */ = {isa = PBXFileReference; lastKnownFileType = sourcecode.swift; path = CircleButtonView.swift; sourceTree = "<group>"; };
		21C629BF28299371004A8128 /* CircleButtonAnimationView.swift */ = {isa = PBXFileReference; lastKnownFileType = sourcecode.swift; path = CircleButtonAnimationView.swift; sourceTree = "<group>"; };
		21C629C228299883004A8128 /* Coin.swift */ = {isa = PBXFileReference; lastKnownFileType = sourcecode.swift; path = Coin.swift; sourceTree = "<group>"; };
		21C629C42829C902004A8128 /* CoinRowView.swift */ = {isa = PBXFileReference; lastKnownFileType = sourcecode.swift; path = CoinRowView.swift; sourceTree = "<group>"; };
		21C629C62829C961004A8128 /* PreviewProvider.swift */ = {isa = PBXFileReference; lastKnownFileType = sourcecode.swift; path = PreviewProvider.swift; sourceTree = "<group>"; };
		21C629C82829CC95004A8128 /* Double.swift */ = {isa = PBXFileReference; lastKnownFileType = sourcecode.swift; path = Double.swift; sourceTree = "<group>"; };
		21C629CA282AA585004A8128 /* HomeViewModel.swift */ = {isa = PBXFileReference; lastKnownFileType = sourcecode.swift; path = HomeViewModel.swift; sourceTree = "<group>"; };
		21C629CD282AABA7004A8128 /* CoinDataService.swift */ = {isa = PBXFileReference; lastKnownFileType = sourcecode.swift; path = CoinDataService.swift; sourceTree = "<group>"; };
		21C629D0282AB339004A8128 /* NetworkingManager.swift */ = {isa = PBXFileReference; lastKnownFileType = sourcecode.swift; path = NetworkingManager.swift; sourceTree = "<group>"; };
		21C629D3282ABB05004A8128 /* CoinImageView.swift */ = {isa = PBXFileReference; lastKnownFileType = sourcecode.swift; path = CoinImageView.swift; sourceTree = "<group>"; };
		21C629D5282ABC5E004A8128 /* CoinImageService.swift */ = {isa = PBXFileReference; lastKnownFileType = sourcecode.swift; path = CoinImageService.swift; sourceTree = "<group>"; };
		21C629D7282ABDA6004A8128 /* CoinImageViewModel.swift */ = {isa = PBXFileReference; lastKnownFileType = sourcecode.swift; path = CoinImageViewModel.swift; sourceTree = "<group>"; };
		21C629D9282AC20B004A8128 /* LocalFileManager.swift */ = {isa = PBXFileReference; lastKnownFileType = sourcecode.swift; path = LocalFileManager.swift; sourceTree = "<group>"; };
		21C629DC282AC95F004A8128 /* SearchBarView.swift */ = {isa = PBXFileReference; lastKnownFileType = sourcecode.swift; path = SearchBarView.swift; sourceTree = "<group>"; };
		21C629DE282ACD5E004A8128 /* UIApplication.swift */ = {isa = PBXFileReference; lastKnownFileType = sourcecode.swift; path = UIApplication.swift; sourceTree = "<group>"; };
		21C629E0282BC914004A8128 /* Statistic.swift */ = {isa = PBXFileReference; lastKnownFileType = sourcecode.swift; path = Statistic.swift; sourceTree = "<group>"; };
		21C629E3282BCA3B004A8128 /* StatisticView.swift */ = {isa = PBXFileReference; lastKnownFileType = sourcecode.swift; path = StatisticView.swift; sourceTree = "<group>"; };
		21C629E5282BCC7E004A8128 /* HomeStatView.swift */ = {isa = PBXFileReference; lastKnownFileType = sourcecode.swift; path = HomeStatView.swift; sourceTree = "<group>"; };
		21C629E7282BCEE4004A8128 /* MarketData.swift */ = {isa = PBXFileReference; lastKnownFileType = sourcecode.swift; path = MarketData.swift; sourceTree = "<group>"; };
		21C629E9282BD13F004A8128 /* MarketDataService.swift */ = {isa = PBXFileReference; lastKnownFileType = sourcecode.swift; path = MarketDataService.swift; sourceTree = "<group>"; };
		21C629EB282BD685004A8128 /* PortfolioView.swift */ = {isa = PBXFileReference; lastKnownFileType = sourcecode.swift; path = PortfolioView.swift; sourceTree = "<group>"; };
		21C629F0282C2BB9004A8128 /* CoinLogoView.swift */ = {isa = PBXFileReference; lastKnownFileType = sourcecode.swift; path = CoinLogoView.swift; sourceTree = "<group>"; };
		21C629F3282C5A53004A8128 /* PortfolioContainer.xcdatamodel */ = {isa = PBXFileReference; lastKnownFileType = wrapper.xcdatamodel; path = PortfolioContainer.xcdatamodel; sourceTree = "<group>"; };
		21C629F5282C5AE9004A8128 /* PortfolioDataService.swift */ = {isa = PBXFileReference; lastKnownFileType = sourcecode.swift; path = PortfolioDataService.swift; sourceTree = "<group>"; };
		21C629F7282C6BB8004A8128 /* HapticManager.swift */ = {isa = PBXFileReference; lastKnownFileType = sourcecode.swift; path = HapticManager.swift; sourceTree = "<group>"; };
		21C629FC282E9964004A8128 /* DetailView.swift */ = {isa = PBXFileReference; lastKnownFileType = sourcecode.swift; path = DetailView.swift; sourceTree = "<group>"; };
		21C629FE282EA03F004A8128 /* CoinDetail.swift */ = {isa = PBXFileReference; lastKnownFileType = sourcecode.swift; path = CoinDetail.swift; sourceTree = "<group>"; };
		21EC0ECF28298A97008E0D75 /* Crypto  Wallet.app */ = {isa = PBXFileReference; explicitFileType = wrapper.application; includeInIndex = 0; path = "Crypto  Wallet.app"; sourceTree = BUILT_PRODUCTS_DIR; };
		21EC0ED228298A97008E0D75 /* CryptoWalletApp.swift */ = {isa = PBXFileReference; lastKnownFileType = sourcecode.swift; path = CryptoWalletApp.swift; sourceTree = "<group>"; };
		21EC0ED428298A97008E0D75 /* ContentView.swift */ = {isa = PBXFileReference; lastKnownFileType = sourcecode.swift; path = ContentView.swift; sourceTree = "<group>"; };
		21EC0ED628298A97008E0D75 /* Assets.xcassets */ = {isa = PBXFileReference; lastKnownFileType = folder.assetcatalog; path = Assets.xcassets; sourceTree = "<group>"; };
		21EC0ED928298A97008E0D75 /* Preview Assets.xcassets */ = {isa = PBXFileReference; lastKnownFileType = folder.assetcatalog; path = "Preview Assets.xcassets"; sourceTree = "<group>"; };
		21EC0EE128298B9B008E0D75 /* Color.swift */ = {isa = PBXFileReference; lastKnownFileType = sourcecode.swift; path = Color.swift; sourceTree = "<group>"; };
/* End PBXFileReference section */

/* Begin PBXFrameworksBuildPhase section */
		21EC0ECC28298A97008E0D75 /* Frameworks */ = {
			isa = PBXFrameworksBuildPhase;
			buildActionMask = 2147483647;
			files = (
			);
			runOnlyForDeploymentPostprocessing = 0;
		};
/* End PBXFrameworksBuildPhase section */

/* Begin PBXGroup section */
		216D679F282EDA5900F5005F /* Settings */ = {
			isa = PBXGroup;
			children = (
				216D67A1282EDA6F00F5005F /* Views */,
			);
			path = Settings;
			sourceTree = "<group>";
		};
		216D67A1282EDA6F00F5005F /* Views */ = {
			isa = PBXGroup;
			children = (
				216D67A2282EDA8C00F5005F /* SettingsView.swift */,
			);
			path = Views;
			sourceTree = "<group>";
		};
		216D67A4282EF85100F5005F /* Launch */ = {
			isa = PBXGroup;
			children = (
				216D67A7282EF87200F5005F /* Views */,
			);
			path = Launch;
			sourceTree = "<group>";
		};
		216D67A7282EF87200F5005F /* Views */ = {
			isa = PBXGroup;
			children = (
				216D67A5282EF86800F5005F /* LaunchScreen.storyboard */,
				216D67A8282EFB5300F5005F /* LaunchView.swift */,
			);
			path = Views;
			sourceTree = "<group>";
		};
		21C629B528298EB3004A8128 /* Core */ = {
			isa = PBXGroup;
			children = (
				216D67A4282EF85100F5005F /* Launch */,
				21C629BB2829904D004A8128 /* Components */,
				21C629B628298EC0004A8128 /* Home */,
				21C629F9282E9935004A8128 /* Detail */,
				216D679F282EDA5900F5005F /* Settings */,
			);
			path = Core;
			sourceTree = "<group>";
		};
		21C629B628298EC0004A8128 /* Home */ = {
			isa = PBXGroup;
			children = (
				21C629B828298ED1004A8128 /* ViewModels */,
				21C629B728298ECB004A8128 /* Views */,
			);
			path = Home;
			sourceTree = "<group>";
		};
		21C629B728298ECB004A8128 /* Views */ = {
			isa = PBXGroup;
			children = (
				21C629B928298EE4004A8128 /* HomeView.swift */,
				21C629E5282BCC7E004A8128 /* HomeStatView.swift */,
				21C629C42829C902004A8128 /* CoinRowView.swift */,
				21C629EB282BD685004A8128 /* PortfolioView.swift */,
			);
			path = Views;
			sourceTree = "<group>";
		};
		21C629B828298ED1004A8128 /* ViewModels */ = {
			isa = PBXGroup;
			children = (
				21C629CA282AA585004A8128 /* HomeViewModel.swift */,
			);
			path = ViewModels;
			sourceTree = "<group>";
		};
		21C629BB2829904D004A8128 /* Components */ = {
			isa = PBXGroup;
			children = (
				21C629E2282BCA10004A8128 /* Statistic */,
				21C629DB282AC949004A8128 /* SearchBar */,
				21C629D2282ABAFA004A8128 /* CoinImage */,
				21C629BC28299067004A8128 /* CircleButton */,
			);
			path = Components;
			sourceTree = "<group>";
		};
		21C629BC28299067004A8128 /* CircleButton */ = {
			isa = PBXGroup;
			children = (
				21C629BD28299077004A8128 /* CircleButtonView.swift */,
				21C629BF28299371004A8128 /* CircleButtonAnimationView.swift */,
			);
			path = CircleButton;
			sourceTree = "<group>";
		};
		21C629C128299865004A8128 /* Models */ = {
			isa = PBXGroup;
			children = (
				21C629C228299883004A8128 /* Coin.swift */,
				21C629FE282EA03F004A8128 /* CoinDetail.swift */,
				21C629E0282BC914004A8128 /* Statistic.swift */,
				21C629E7282BCEE4004A8128 /* MarketData.swift */,
				21C629F2282C5A53004A8128 /* PortfolioContainer.xcdatamodeld */,
			);
			path = Models;
			sourceTree = "<group>";
		};
		21C629CC282AAB85004A8128 /* Services */ = {
			isa = PBXGroup;
			children = (
				21C629CD282AABA7004A8128 /* CoinDataService.swift */,
				21C629D5282ABC5E004A8128 /* CoinImageService.swift */,
				21C629E9282BD13F004A8128 /* MarketDataService.swift */,
				21C629F5282C5AE9004A8128 /* PortfolioDataService.swift */,
				216D6797282EA36900F5005F /* CoinDetailDataService.swift */,
			);
			path = Services;
			sourceTree = "<group>";
		};
		21C629CF282AB2F6004A8128 /* Utilities */ = {
			isa = PBXGroup;
			children = (
				21C629D0282AB339004A8128 /* NetworkingManager.swift */,
				21C629D9282AC20B004A8128 /* LocalFileManager.swift */,
				21C629F7282C6BB8004A8128 /* HapticManager.swift */,
			);
			path = Utilities;
			sourceTree = "<group>";
		};
		21C629D2282ABAFA004A8128 /* CoinImage */ = {
			isa = PBXGroup;
			children = (
				21C629D3282ABB05004A8128 /* CoinImageView.swift */,
				21C629D7282ABDA6004A8128 /* CoinImageViewModel.swift */,
				21C629F0282C2BB9004A8128 /* CoinLogoView.swift */,
			);
			path = CoinImage;
			sourceTree = "<group>";
		};
		21C629DB282AC949004A8128 /* SearchBar */ = {
			isa = PBXGroup;
			children = (
				21C629DC282AC95F004A8128 /* SearchBarView.swift */,
			);
			path = SearchBar;
			sourceTree = "<group>";
		};
		21C629E2282BCA10004A8128 /* Statistic */ = {
			isa = PBXGroup;
			children = (
				21C629E3282BCA3B004A8128 /* StatisticView.swift */,
			);
			path = Statistic;
			sourceTree = "<group>";
		};
		21C629F9282E9935004A8128 /* Detail */ = {
			isa = PBXGroup;
			children = (
				21C629FA282E994A004A8128 /* ViewModel */,
				21C629FB282E9952004A8128 /* Views */,
			);
			path = Detail;
			sourceTree = "<group>";
		};
		21C629FA282E994A004A8128 /* ViewModel */ = {
			isa = PBXGroup;
			children = (
				216D6795282EA33C00F5005F /* DetailViewModel.swift */,
			);
			path = ViewModel;
			sourceTree = "<group>";
		};
		21C629FB282E9952004A8128 /* Views */ = {
			isa = PBXGroup;
			children = (
				21C629FC282E9964004A8128 /* DetailView.swift */,
				216D6799282EB9CC00F5005F /* ChartView.swift */,
			);
			path = Views;
			sourceTree = "<group>";
		};
		21EC0EC628298A97008E0D75 = {
			isa = PBXGroup;
			children = (
				21EC0ED128298A97008E0D75 /* CryptoWallet */,
				21EC0ED028298A97008E0D75 /* Products */,
			);
			sourceTree = "<group>";
		};
		21EC0ED028298A97008E0D75 /* Products */ = {
			isa = PBXGroup;
			children = (
				21EC0ECF28298A97008E0D75 /* Crypto  Wallet.app */,
			);
			name = Products;
			sourceTree = "<group>";
		};
		21EC0ED128298A97008E0D75 /* CryptoWallet */ = {
			isa = PBXGroup;
			children = (
				21EC0ED228298A97008E0D75 /* CryptoWalletApp.swift */,
				21C629CF282AB2F6004A8128 /* Utilities */,
				21EC0EE028298B8E008E0D75 /* Extensions */,
				21C629CC282AAB85004A8128 /* Services */,
				21C629C128299865004A8128 /* Models */,
				21C629B528298EB3004A8128 /* Core */,
				21EC0ED428298A97008E0D75 /* ContentView.swift */,
				21EC0ED628298A97008E0D75 /* Assets.xcassets */,
				21EC0ED828298A97008E0D75 /* Preview Content */,
			);
			path = CryptoWallet;
			sourceTree = "<group>";
		};
		21EC0ED828298A97008E0D75 /* Preview Content */ = {
			isa = PBXGroup;
			children = (
				21EC0ED928298A97008E0D75 /* Preview Assets.xcassets */,
			);
			path = "Preview Content";
			sourceTree = "<group>";
		};
		21EC0EE028298B8E008E0D75 /* Extensions */ = {
			isa = PBXGroup;
			children = (
				21EC0EE128298B9B008E0D75 /* Color.swift */,
				21C629C62829C961004A8128 /* PreviewProvider.swift */,
				21C629C82829CC95004A8128 /* Double.swift */,
				21C629DE282ACD5E004A8128 /* UIApplication.swift */,
				216D679B282ECDD400F5005F /* Date.swift */,
				216D679D282ED68F00F5005F /* String.swift */,
			);
			path = Extensions;
			sourceTree = "<group>";
		};
/* End PBXGroup section */

/* Begin PBXNativeTarget section */
		21EC0ECE28298A97008E0D75 /* CryptoWallet */ = {
			isa = PBXNativeTarget;
			buildConfigurationList = 21EC0EDD28298A97008E0D75 /* Build configuration list for PBXNativeTarget "CryptoWallet" */;
			buildPhases = (
				21EC0ECB28298A97008E0D75 /* Sources */,
				21EC0ECC28298A97008E0D75 /* Frameworks */,
				21EC0ECD28298A97008E0D75 /* Resources */,
			);
			buildRules = (
			);
			dependencies = (
			);
			name = CryptoWallet;
			productName = CryptoWallet;
			productReference = 21EC0ECF28298A97008E0D75 /* Crypto  Wallet.app */;
			productType = "com.apple.product-type.application";
		};
/* End PBXNativeTarget section */

/* Begin PBXProject section */
		21EC0EC728298A97008E0D75 /* Project object */ = {
			isa = PBXProject;
			attributes = {
				BuildIndependentTargetsInParallel = 1;
				LastSwiftUpdateCheck = 1330;
				LastUpgradeCheck = 1330;
				TargetAttributes = {
					21EC0ECE28298A97008E0D75 = {
						CreatedOnToolsVersion = 13.3.1;
					};
				};
			};
			buildConfigurationList = 21EC0ECA28298A97008E0D75 /* Build configuration list for PBXProject "CryptoWallet" */;
			compatibilityVersion = "Xcode 13.0";
			developmentRegion = en;
			hasScannedForEncodings = 0;
			knownRegions = (
				en,
				Base,
			);
			mainGroup = 21EC0EC628298A97008E0D75;
			productRefGroup = 21EC0ED028298A97008E0D75 /* Products */;
			projectDirPath = "";
			projectRoot = "";
			targets = (
				21EC0ECE28298A97008E0D75 /* CryptoWallet */,
			);
		};
/* End PBXProject section */

/* Begin PBXResourcesBuildPhase section */
		21EC0ECD28298A97008E0D75 /* Resources */ = {
			isa = PBXResourcesBuildPhase;
			buildActionMask = 2147483647;
			files = (
				216D67A6282EF86800F5005F /* LaunchScreen.storyboard in Resources */,
				21EC0EDA28298A97008E0D75 /* Preview Assets.xcassets in Resources */,
				21EC0ED728298A97008E0D75 /* Assets.xcassets in Resources */,
			);
			runOnlyForDeploymentPostprocessing = 0;
		};
/* End PBXResourcesBuildPhase section */

/* Begin PBXSourcesBuildPhase section */
		21EC0ECB28298A97008E0D75 /* Sources */ = {
			isa = PBXSourcesBuildPhase;
			buildActionMask = 2147483647;
			files = (
				21C629CE282AABA7004A8128 /* CoinDataService.swift in Sources */,
				21C629C52829C902004A8128 /* CoinRowView.swift in Sources */,
				21C629F1282C2BB9004A8128 /* CoinLogoView.swift in Sources */,
				21C629CB282AA585004A8128 /* HomeViewModel.swift in Sources */,
				21C629E8282BCEE4004A8128 /* MarketData.swift in Sources */,
				21C629F4282C5A53004A8128 /* PortfolioContainer.xcdatamodeld in Sources */,
				216D67A3282EDA8C00F5005F /* SettingsView.swift in Sources */,
				216D67A9282EFB5300F5005F /* LaunchView.swift in Sources */,
				21EC0ED528298A97008E0D75 /* ContentView.swift in Sources */,
				21C629DA282AC20B004A8128 /* LocalFileManager.swift in Sources */,
				21C629C72829C961004A8128 /* PreviewProvider.swift in Sources */,
				21C629D4282ABB05004A8128 /* CoinImageView.swift in Sources */,
				21C629E4282BCA3B004A8128 /* StatisticView.swift in Sources */,
				21C629BA28298EE4004A8128 /* HomeView.swift in Sources */,
				21C629FF282EA03F004A8128 /* CoinDetail.swift in Sources */,
				21C629DF282ACD5E004A8128 /* UIApplication.swift in Sources */,
				21C629FD282E9964004A8128 /* DetailView.swift in Sources */,
				216D6796282EA33C00F5005F /* DetailViewModel.swift in Sources */,
				216D679C282ECDD400F5005F /* Date.swift in Sources */,
				21EC0ED328298A97008E0D75 /* CryptoWalletApp.swift in Sources */,
				21C629BE28299077004A8128 /* CircleButtonView.swift in Sources */,
				21C629DD282AC95F004A8128 /* SearchBarView.swift in Sources */,
				21C629E6282BCC7E004A8128 /* HomeStatView.swift in Sources */,
				21C629D1282AB339004A8128 /* NetworkingManager.swift in Sources */,
				21C629F6282C5AE9004A8128 /* PortfolioDataService.swift in Sources */,
				21EC0EE228298B9B008E0D75 /* Color.swift in Sources */,
				21C629EA282BD13F004A8128 /* MarketDataService.swift in Sources */,
				21C629D8282ABDA6004A8128 /* CoinImageViewModel.swift in Sources */,
				21C629C028299371004A8128 /* CircleButtonAnimationView.swift in Sources */,
				21C629C92829CC95004A8128 /* Double.swift in Sources */,
				216D679A282EB9CC00F5005F /* ChartView.swift in Sources */,
				21C629F8282C6BB8004A8128 /* HapticManager.swift in Sources */,
				216D679E282ED68F00F5005F /* String.swift in Sources */,
				21C629EC282BD685004A8128 /* PortfolioView.swift in Sources */,
				216D6798282EA36900F5005F /* CoinDetailDataService.swift in Sources */,
				21C629D6282ABC5E004A8128 /* CoinImageService.swift in Sources */,
				21C629E1282BC914004A8128 /* Statistic.swift in Sources */,
				21C629C328299883004A8128 /* Coin.swift in Sources */,
			);
			runOnlyForDeploymentPostprocessing = 0;
		};
/* End PBXSourcesBuildPhase section */

/* Begin XCBuildConfiguration section */
		21EC0EDB28298A97008E0D75 /* Debug */ = {
			isa = XCBuildConfiguration;
			buildSettings = {
				ALWAYS_SEARCH_USER_PATHS = NO;
				CLANG_ANALYZER_NONNULL = YES;
				CLANG_ANALYZER_NUMBER_OBJECT_CONVERSION = YES_AGGRESSIVE;
				CLANG_CXX_LANGUAGE_STANDARD = "gnu++17";
				CLANG_ENABLE_MODULES = YES;
				CLANG_ENABLE_OBJC_ARC = YES;
				CLANG_ENABLE_OBJC_WEAK = YES;
				CLANG_WARN_BLOCK_CAPTURE_AUTORELEASING = YES;
				CLANG_WARN_BOOL_CONVERSION = YES;
				CLANG_WARN_COMMA = YES;
				CLANG_WARN_CONSTANT_CONVERSION = YES;
				CLANG_WARN_DEPRECATED_OBJC_IMPLEMENTATIONS = YES;
				CLANG_WARN_DIRECT_OBJC_ISA_USAGE = YES_ERROR;
				CLANG_WARN_DOCUMENTATION_COMMENTS = YES;
				CLANG_WARN_EMPTY_BODY = YES;
				CLANG_WARN_ENUM_CONVERSION = YES;
				CLANG_WARN_INFINITE_RECURSION = YES;
				CLANG_WARN_INT_CONVERSION = YES;
				CLANG_WARN_NON_LITERAL_NULL_CONVERSION = YES;
				CLANG_WARN_OBJC_IMPLICIT_RETAIN_SELF = YES;
				CLANG_WARN_OBJC_LITERAL_CONVERSION = YES;
				CLANG_WARN_OBJC_ROOT_CLASS = YES_ERROR;
				CLANG_WARN_QUOTED_INCLUDE_IN_FRAMEWORK_HEADER = YES;
				CLANG_WARN_RANGE_LOOP_ANALYSIS = YES;
				CLANG_WARN_STRICT_PROTOTYPES = YES;
				CLANG_WARN_SUSPICIOUS_MOVE = YES;
				CLANG_WARN_UNGUARDED_AVAILABILITY = YES_AGGRESSIVE;
				CLANG_WARN_UNREACHABLE_CODE = YES;
				CLANG_WARN__DUPLICATE_METHOD_MATCH = YES;
				COPY_PHASE_STRIP = NO;
				DEBUG_INFORMATION_FORMAT = dwarf;
				ENABLE_STRICT_OBJC_MSGSEND = YES;
				ENABLE_TESTABILITY = YES;
				GCC_C_LANGUAGE_STANDARD = gnu11;
				GCC_DYNAMIC_NO_PIC = NO;
				GCC_NO_COMMON_BLOCKS = YES;
				GCC_OPTIMIZATION_LEVEL = 0;
				GCC_PREPROCESSOR_DEFINITIONS = (
					"DEBUG=1",
					"$(inherited)",
				);
				GCC_WARN_64_TO_32_BIT_CONVERSION = YES;
				GCC_WARN_ABOUT_RETURN_TYPE = YES_ERROR;
				GCC_WARN_UNDECLARED_SELECTOR = YES;
				GCC_WARN_UNINITIALIZED_AUTOS = YES_AGGRESSIVE;
				GCC_WARN_UNUSED_FUNCTION = YES;
				GCC_WARN_UNUSED_VARIABLE = YES;
				IPHONEOS_DEPLOYMENT_TARGET = 15.4;
				MTL_ENABLE_DEBUG_INFO = INCLUDE_SOURCE;
				MTL_FAST_MATH = YES;
				ONLY_ACTIVE_ARCH = YES;
				SDKROOT = iphoneos;
				SWIFT_ACTIVE_COMPILATION_CONDITIONS = DEBUG;
				SWIFT_OPTIMIZATION_LEVEL = "-Onone";
			};
			name = Debug;
		};
		21EC0EDC28298A97008E0D75 /* Release */ = {
			isa = XCBuildConfiguration;
			buildSettings = {
				ALWAYS_SEARCH_USER_PATHS = NO;
				CLANG_ANALYZER_NONNULL = YES;
				CLANG_ANALYZER_NUMBER_OBJECT_CONVERSION = YES_AGGRESSIVE;
				CLANG_CXX_LANGUAGE_STANDARD = "gnu++17";
				CLANG_ENABLE_MODULES = YES;
				CLANG_ENABLE_OBJC_ARC = YES;
				CLANG_ENABLE_OBJC_WEAK = YES;
				CLANG_WARN_BLOCK_CAPTURE_AUTORELEASING = YES;
				CLANG_WARN_BOOL_CONVERSION = YES;
				CLANG_WARN_COMMA = YES;
				CLANG_WARN_CONSTANT_CONVERSION = YES;
				CLANG_WARN_DEPRECATED_OBJC_IMPLEMENTATIONS = YES;
				CLANG_WARN_DIRECT_OBJC_ISA_USAGE = YES_ERROR;
				CLANG_WARN_DOCUMENTATION_COMMENTS = YES;
				CLANG_WARN_EMPTY_BODY = YES;
				CLANG_WARN_ENUM_CONVERSION = YES;
				CLANG_WARN_INFINITE_RECURSION = YES;
				CLANG_WARN_INT_CONVERSION = YES;
				CLANG_WARN_NON_LITERAL_NULL_CONVERSION = YES;
				CLANG_WARN_OBJC_IMPLICIT_RETAIN_SELF = YES;
				CLANG_WARN_OBJC_LITERAL_CONVERSION = YES;
				CLANG_WARN_OBJC_ROOT_CLASS = YES_ERROR;
				CLANG_WARN_QUOTED_INCLUDE_IN_FRAMEWORK_HEADER = YES;
				CLANG_WARN_RANGE_LOOP_ANALYSIS = YES;
				CLANG_WARN_STRICT_PROTOTYPES = YES;
				CLANG_WARN_SUSPICIOUS_MOVE = YES;
				CLANG_WARN_UNGUARDED_AVAILABILITY = YES_AGGRESSIVE;
				CLANG_WARN_UNREACHABLE_CODE = YES;
				CLANG_WARN__DUPLICATE_METHOD_MATCH = YES;
				COPY_PHASE_STRIP = NO;
				DEBUG_INFORMATION_FORMAT = "dwarf-with-dsym";
				ENABLE_NS_ASSERTIONS = NO;
				ENABLE_STRICT_OBJC_MSGSEND = YES;
				GCC_C_LANGUAGE_STANDARD = gnu11;
				GCC_NO_COMMON_BLOCKS = YES;
				GCC_WARN_64_TO_32_BIT_CONVERSION = YES;
				GCC_WARN_ABOUT_RETURN_TYPE = YES_ERROR;
				GCC_WARN_UNDECLARED_SELECTOR = YES;
				GCC_WARN_UNINITIALIZED_AUTOS = YES_AGGRESSIVE;
				GCC_WARN_UNUSED_FUNCTION = YES;
				GCC_WARN_UNUSED_VARIABLE = YES;
				IPHONEOS_DEPLOYMENT_TARGET = 15.4;
				MTL_ENABLE_DEBUG_INFO = NO;
				MTL_FAST_MATH = YES;
				SDKROOT = iphoneos;
				SWIFT_COMPILATION_MODE = wholemodule;
				SWIFT_OPTIMIZATION_LEVEL = "-O";
				VALIDATE_PRODUCT = YES;
			};
			name = Release;
		};
		21EC0EDE28298A97008E0D75 /* Debug */ = {
			isa = XCBuildConfiguration;
			buildSettings = {
				ASSETCATALOG_COMPILER_APPICON_NAME = AppIcon;
				ASSETCATALOG_COMPILER_GLOBAL_ACCENT_COLOR_NAME = AccentColor;
				CODE_SIGN_STYLE = Automatic;
				CURRENT_PROJECT_VERSION = 1;
				DEVELOPMENT_ASSET_PATHS = "\"CryptoWallet/Preview Content\"";
				DEVELOPMENT_TEAM = 937653S469;
				ENABLE_PREVIEWS = YES;
				GENERATE_INFOPLIST_FILE = YES;
				INFOPLIST_KEY_UIApplicationSceneManifest_Generation = YES;
				INFOPLIST_KEY_UIApplicationSupportsIndirectInputEvents = YES;
				INFOPLIST_KEY_UILaunchScreen_Generation = YES;
				INFOPLIST_KEY_UILaunchStoryboardName = LaunchScreen;
				INFOPLIST_KEY_UISupportedInterfaceOrientations = UIInterfaceOrientationPortrait;
				INFOPLIST_KEY_UISupportedInterfaceOrientations_iPad = "UIInterfaceOrientationPortrait UIInterfaceOrientationPortraitUpsideDown UIInterfaceOrientationLandscapeLeft UIInterfaceOrientationLandscapeRight";
				INFOPLIST_KEY_UISupportedInterfaceOrientations_iPhone = "UIInterfaceOrientationPortrait UIInterfaceOrientationLandscapeLeft UIInterfaceOrientationLandscapeRight";
				LD_RUNPATH_SEARCH_PATHS = (
					"$(inherited)",
					"@executable_path/Frameworks",
				);
				MARKETING_VERSION = 1.0;
				PRODUCT_BUNDLE_IDENTIFIER = com.ricardocsilva.CryptoWallet;
				PRODUCT_NAME = "Crypto  Wallet";
				SWIFT_EMIT_LOC_STRINGS = YES;
				SWIFT_VERSION = 5.0;
				TARGETED_DEVICE_FAMILY = "1,2";
			};
			name = Debug;
		};
		21EC0EDF28298A97008E0D75 /* Release */ = {
			isa = XCBuildConfiguration;
			buildSettings = {
				ASSETCATALOG_COMPILER_APPICON_NAME = AppIcon;
				ASSETCATALOG_COMPILER_GLOBAL_ACCENT_COLOR_NAME = AccentColor;
				CODE_SIGN_STYLE = Automatic;
				CURRENT_PROJECT_VERSION = 1;
				DEVELOPMENT_ASSET_PATHS = "\"CryptoWallet/Preview Content\"";
				DEVELOPMENT_TEAM = 937653S469;
				ENABLE_PREVIEWS = YES;
				GENERATE_INFOPLIST_FILE = YES;
				INFOPLIST_KEY_UIApplicationSceneManifest_Generation = YES;
				INFOPLIST_KEY_UIApplicationSupportsIndirectInputEvents = YES;
				INFOPLIST_KEY_UILaunchScreen_Generation = YES;
				INFOPLIST_KEY_UILaunchStoryboardName = LaunchScreen;
				INFOPLIST_KEY_UISupportedInterfaceOrientations = UIInterfaceOrientationPortrait;
				INFOPLIST_KEY_UISupportedInterfaceOrientations_iPad = "UIInterfaceOrientationPortrait UIInterfaceOrientationPortraitUpsideDown UIInterfaceOrientationLandscapeLeft UIInterfaceOrientationLandscapeRight";
				INFOPLIST_KEY_UISupportedInterfaceOrientations_iPhone = "UIInterfaceOrientationPortrait UIInterfaceOrientationLandscapeLeft UIInterfaceOrientationLandscapeRight";
				LD_RUNPATH_SEARCH_PATHS = (
					"$(inherited)",
					"@executable_path/Frameworks",
				);
				MARKETING_VERSION = 1.0;
				PRODUCT_BUNDLE_IDENTIFIER = com.ricardocsilva.CryptoWallet;
				PRODUCT_NAME = "Crypto  Wallet";
				SWIFT_EMIT_LOC_STRINGS = YES;
				SWIFT_VERSION = 5.0;
				TARGETED_DEVICE_FAMILY = "1,2";
			};
			name = Release;
		};
/* End XCBuildConfiguration section */

/* Begin XCConfigurationList section */
		21EC0ECA28298A97008E0D75 /* Build configuration list for PBXProject "CryptoWallet" */ = {
			isa = XCConfigurationList;
			buildConfigurations = (
				21EC0EDB28298A97008E0D75 /* Debug */,
				21EC0EDC28298A97008E0D75 /* Release */,
			);
			defaultConfigurationIsVisible = 0;
			defaultConfigurationName = Release;
		};
		21EC0EDD28298A97008E0D75 /* Build configuration list for PBXNativeTarget "CryptoWallet" */ = {
			isa = XCConfigurationList;
			buildConfigurations = (
				21EC0EDE28298A97008E0D75 /* Debug */,
				21EC0EDF28298A97008E0D75 /* Release */,
			);
			defaultConfigurationIsVisible = 0;
			defaultConfigurationName = Release;
		};
/* End XCConfigurationList section */

/* Begin XCVersionGroup section */
		21C629F2282C5A53004A8128 /* PortfolioContainer.xcdatamodeld */ = {
			isa = XCVersionGroup;
			children = (
				21C629F3282C5A53004A8128 /* PortfolioContainer.xcdatamodel */,
			);
			currentVersion = 21C629F3282C5A53004A8128 /* PortfolioContainer.xcdatamodel */;
			path = PortfolioContainer.xcdatamodeld;
			sourceTree = "<group>";
			versionGroupType = wrapper.xcdatamodel;
		};
/* End XCVersionGroup section */
	};
	rootObject = 21EC0EC728298A97008E0D75 /* Project object */;
}
